[[package]]
name = "torch"
version = "1.13.0.dev20220523"
description = "Tensors and Dynamic neural networks in Python with strong GPU acceleration"
category = "main"
optional = false
python-versions = ">=3.7.0"

[package.dependencies]
typing-extensions = "*"

[package.source]
type = "url"
url = "https://download.pytorch.org/whl/nightly/cpu/torch-1.13.0.dev20220523-cp38-none-macosx_11_0_arm64.whl"
[[package]]
name = "typing-extensions"
version = "4.2.0"
description = "Backported and Experimental Type Hints for Python 3.7+"
category = "main"
optional = false
python-versions = ">=3.7"

[metadata]
lock-version = "1.1"
python-versions = "~3.8"
content-hash = "a3995085d0202146dd34849c52889d9094667027f9e1d021d142f4ce8ecf707b"

[metadata.files]
torch = []
typing-extensions = [
    {file = "typing_extensions-4.2.0-py3-none-any.whl", hash = "sha256:6657594ee297170d19f67d55c05852a874e7eb634f4f753dbd667855e07c1708"},
    {file = "typing_extensions-4.2.0.tar.gz", hash = "sha256:f1c24655a0da0d1b67f07e17a5e6b2a105894e6824b92096378bb3668ef02376"},
]
